
Microsoft Visual Studio Solution File, Format Version 12.00
# Visual Studio 15
VisualStudioVersion = 15.0.27428.2037
MinimumVisualStudioVersion = 10.0.40219.1
Project("{FAE04EC0-301F-11D3-BF4B-00C04F79EFBC}") = "SingularityTest", "SingularityTest\SingularityTest.csproj", "{60612BB8-966E-4457-8EFB-C985D587C1D9}"
EndProject
Project("{FAE04EC0-301F-11D3-BF4B-00C04F79EFBC}") = "MonogameSingularity", "MonogameSingularity\MonogameSingularity.csproj", "{06A6AAEC-D41C-4E5B-BB37-125E66293994}"
EndProject
Global
	GlobalSection(SolutionConfigurationPlatforms) = preSolution
		Debug|Any CPU = Debug|Any CPU
		Debug|x86 = Debug|x86
		Release|Any CPU = Release|Any CPU
		Release|x86 = Release|x86
	EndGlobalSection
	GlobalSection(ProjectConfigurationPlatforms) = postSolution
		{60612BB8-966E-4457-8EFB-C985D587C1D9}.Debug|Any CPU.ActiveCfg = Debug|Any CPU
		{60612BB8-966E-4457-8EFB-C985D587C1D9}.Debug|Any CPU.Build.0 = Debug|Any CPU
		{60612BB8-966E-4457-8EFB-C985D587C1D9}.Debug|x86.ActiveCfg = Debug|Any CPU
		{60612BB8-966E-4457-8EFB-C985D587C1D9}.Debug|x86.Build.0 = Debug|Any CPU
		{60612BB8-966E-4457-8EFB-C985D587C1D9}.Release|Any CPU.ActiveCfg = Release|Any CPU
		{60612BB8-966E-4457-8EFB-C985D587C1D9}.Release|Any CPU.Build.0 = Release|Any CPU
		{60612BB8-966E-4457-8EFB-C985D587C1D9}.Release|x86.ActiveCfg = Release|Any CPU
		{60612BB8-966E-4457-8EFB-C985D587C1D9}.Release|x86.Build.0 = Release|Any CPU
		{06A6AAEC-D41C-4E5B-BB37-125E66293994}.Debug|Any CPU.ActiveCfg = Debug|Any CPU
		{06A6AAEC-D41C-4E5B-BB37-125E66293994}.Debug|Any CPU.Build.0 = Debug|Any CPU
		{06A6AAEC-D41C-4E5B-BB37-125E66293994}.Debug|x86.ActiveCfg = Debug|Any CPU
		{06A6AAEC-D41C-4E5B-BB37-125E66293994}.Debug|x86.Build.0 = Debug|Any CPU
		{06A6AAEC-D41C-4E5B-BB37-125E66293994}.Release|Any CPU.ActiveCfg = Release|Any CPU
		{06A6AAEC-D41C-4E5B-BB37-125E66293994}.Release|Any CPU.Build.0 = Release|Any CPU
		{06A6AAEC-D41C-4E5B-BB37-125E66293994}.Release|x86.ActiveCfg = Release|Any CPU
		{06A6AAEC-D41C-4E5B-BB37-125E66293994}.Release|x86.Build.0 = Release|Any CPU
	EndGlobalSection
	GlobalSection(SolutionProperties) = preSolution
		HideSolutionNode = FALSE
	EndGlobalSection
	GlobalSection(ExtensibilityGlobals) = postSolution
		SolutionGuid = {C859807F-B724-4A07-87B0-4E1CFB0CCD49}
	EndGlobalSection
EndGlobal
