
Microsoft Visual Studio Solution File, Format Version 12.00
# Visual Studio 15
VisualStudioVersion = 15.0.27428.2037
MinimumVisualStudioVersion = 10.0.40219.1
Project("{FAE04EC0-301F-11D3-BF4B-00C04F79EFBC}") = "MonogameSingularity", "MonogameSingularity\MonogameSingularity.csproj", "{AB7DB8A4-1E27-41BE-BE2B-C600955BE843}"
EndProject
Project("{FAE04EC0-301F-11D3-BF4B-00C04F79EFBC}") = "SingularityTest", "SingularityTest\SingularityTest.csproj", "{60612BB8-966E-4457-8EFB-C985D587C1D9}"
EndProject
Project("{FAE04EC0-301F-11D3-BF4B-00C04F79EFBC}") = "UnitTests", "UnitTests\UnitTests.csproj", "{9CA9C142-7495-4A60-9CD9-D56E99C57A51}"
EndProject
Global
	GlobalSection(SolutionConfigurationPlatforms) = preSolution
		Debug|Any CPU = Debug|Any CPU
		Release|Any CPU = Release|Any CPU
	EndGlobalSection
	GlobalSection(ProjectConfigurationPlatforms) = postSolution
		{AB7DB8A4-1E27-41BE-BE2B-C600955BE843}.Debug|Any CPU.ActiveCfg = Debug|Any CPU
		{AB7DB8A4-1E27-41BE-BE2B-C600955BE843}.Debug|Any CPU.Build.0 = Debug|Any CPU
		{AB7DB8A4-1E27-41BE-BE2B-C600955BE843}.Release|Any CPU.ActiveCfg = Release|Any CPU
		{AB7DB8A4-1E27-41BE-BE2B-C600955BE843}.Release|Any CPU.Build.0 = Release|Any CPU
		{60612BB8-966E-4457-8EFB-C985D587C1D9}.Debug|Any CPU.ActiveCfg = Debug|Any CPU
		{60612BB8-966E-4457-8EFB-C985D587C1D9}.Debug|Any CPU.Build.0 = Debug|Any CPU
		{60612BB8-966E-4457-8EFB-C985D587C1D9}.Release|Any CPU.ActiveCfg = Release|Any CPU
		{60612BB8-966E-4457-8EFB-C985D587C1D9}.Release|Any CPU.Build.0 = Release|Any CPU
		{9CA9C142-7495-4A60-9CD9-D56E99C57A51}.Debug|Any CPU.ActiveCfg = Debug|Any CPU
		{9CA9C142-7495-4A60-9CD9-D56E99C57A51}.Debug|Any CPU.Build.0 = Debug|Any CPU
		{9CA9C142-7495-4A60-9CD9-D56E99C57A51}.Release|Any CPU.ActiveCfg = Release|Any CPU
		{9CA9C142-7495-4A60-9CD9-D56E99C57A51}.Release|Any CPU.Build.0 = Release|Any CPU
	EndGlobalSection
	GlobalSection(SolutionProperties) = preSolution
		HideSolutionNode = FALSE
	EndGlobalSection
	GlobalSection(ExtensibilityGlobals) = postSolution
		SolutionGuid = {C859807F-B724-4A07-87B0-4E1CFB0CCD49}
	EndGlobalSection
EndGlobal
